
Microsoft Visual Studio Solution File, Format Version 12.00
# Visual Studio Version 16
VisualStudioVersion = 16.0.33423.256
MinimumVisualStudioVersion = 10.0.40219.1
Project("{FAE04EC0-301F-11D3-BF4B-00C04F79EFBC}") = "Abc.WebUI", "Abc.WebUI\Abc.WebUI.csproj", "{795129F1-D72A-4755-8A66-3659D3EC652D}"
EndProject
Global
	GlobalSection(SolutionConfigurationPlatforms) = preSolution
		Debug|Any CPU = Debug|Any CPU
		Release|Any CPU = Release|Any CPU
	EndGlobalSection
	GlobalSection(ProjectConfigurationPlatforms) = postSolution
		{795129F1-D72A-4755-8A66-3659D3EC652D}.Debug|Any CPU.ActiveCfg = Debug|Any CPU
		{795129F1-D72A-4755-8A66-3659D3EC652D}.Debug|Any CPU.Build.0 = Debug|Any CPU
		{795129F1-D72A-4755-8A66-3659D3EC652D}.Release|Any CPU.ActiveCfg = Release|Any CPU
		{795129F1-D72A-4755-8A66-3659D3EC652D}.Release|Any CPU.Build.0 = Release|Any CPU
	EndGlobalSection
	GlobalSection(SolutionProperties) = preSolution
		HideSolutionNode = FALSE
	EndGlobalSection
	GlobalSection(ExtensibilityGlobals) = postSolution
		SolutionGuid = {DFE2B971-7B30-472C-B3BA-435016C311BD}
	EndGlobalSection
EndGlobal
